<?xml version="1.0" encoding="utf-8"?>
<Project ToolsVersion="4.0" xmlns="http://schemas.microsoft.com/developer/msbuild/2003">
  <ItemGroup>
    <Filter Include="Source Files">
      <UniqueIdentifier>{4FC737F1-C7A5-4376-A066-2A32D752A2FF}</UniqueIdentifier>
      <Extensions>cpp;c;cc;cxx;c++;cppm;ixx;def;odl;idl;hpj;bat;asm;asmx</Extensions>
    </Filter>
    <Filter Include="Header Files">
      <UniqueIdentifier>{93995380-89BD-4b04-88EB-625FBE52EBFB}</UniqueIdentifier>
      <Extensions>h;hh;hpp;hxx;h++;hm;inl;inc;ipp;xsd</Extensions>
    </Filter>
    <Filter Include="Resource Files">
      <UniqueIdentifier>{67DA6AB6-F800-4c08-8B7A-83BB121AAD01}</UniqueIdentifier>
      <Extensions>rc;ico;cur;bmp;dlg;rc2;rct;bin;rgs;gif;jpg;jpeg;jpe;resx;tiff;tif;png;wav;mfcribbon-ms</Extensions>
    </Filter>
  </ItemGroup>
  <ItemGroup>
    <ClInclude Include="framework.h">
      <Filter>Header Files</Filter>
    </ClInclude>
    <ClInclude Include="include\ai\AI.h">
      <Filter>Header Files</Filter>
    </ClInclude>
    <ClInclude Include="include\ai\AINodeContainer.h">
      <Filter>Header Files</Filter>
    </ClInclude>
    <ClInclude Include="include\ai\AINodeGenerator.h">
      <Filter>Header Files</Filter>
    </ClInclude>
    <ClInclude Include="include\ai\AStar.h">
      <Filter>Header Files</Filter>
    </ClInclude>
    <ClInclude Include="include\ai\StateMachine.h">
      <Filter>Header Files</Filter>
    </ClInclude>
    <ClInclude Include="include\engine\Engine.h">
      <Filter>Header Files</Filter>
    </ClInclude>
    <ClInclude Include="include\engine\EngineInitVars.h">
      <Filter>Header Files</Filter>
    </ClInclude>
    <ClInclude Include="include\engine\EngineTypes.h">
      <Filter>Header Files</Filter>
    </ClInclude>
    <ClInclude Include="include\engine\LowLevelEngineSetup.h">
      <Filter>Header Files</Filter>
    </ClInclude>
    <ClInclude Include="include\engine\SaveGame.h">
      <Filter>Header Files</Filter>
    </ClInclude>
    <ClInclude Include="include\engine\ScriptFuncs.h">
      <Filter>Header Files</Filter>
    </ClInclude>
    <ClInclude Include="include\engine\Updateable.h">
      <Filter>Header Files</Filter>
    </ClInclude>
    <ClInclude Include="include\engine\Updater.h">
      <Filter>Header Files</Filter>
    </ClInclude>
    <ClInclude Include="include\generate\Generate.h">
      <Filter>Header Files</Filter>
    </ClInclude>
    <ClInclude Include="include\generate\GenerateTypes.h">
      <Filter>Header Files</Filter>
    </ClInclude>
    <ClInclude Include="include\generate\VoxelMap.h">
      <Filter>Header Files</Filter>
    </ClInclude>
    <ClInclude Include="include\graphics\Animation.h">
      <Filter>Header Files</Filter>
    </ClInclude>
    <ClInclude Include="include\graphics\AnimationTrack.h">
      <Filter>Header Files</Filter>
    </ClInclude>
    <ClInclude Include="include\graphics\Bitmap.h">
      <Filter>Header Files</Filter>
    </ClInclude>
    <ClInclude Include="include\graphics\Bone.h">
      <Filter>Header Files</Filter>
    </ClInclude>
    <ClInclude Include="include\graphics\BoneState.h">
      <Filter>Header Files</Filter>
    </ClInclude>
    <ClInclude Include="include\graphics\Color.h">
      <Filter>Header Files</Filter>
    </ClInclude>
    <ClInclude Include="include\graphics\DecalCreator.h">
      <Filter>Header Files</Filter>
    </ClInclude>
    <ClInclude Include="include\graphics\FontData.h">
      <Filter>Header Files</Filter>
    </ClInclude>
    <ClInclude Include="include\graphics\FrameBase.h">
      <Filter>Header Files</Filter>
    </ClInclude>
    <ClInclude Include="include\graphics\FrameBitmap.h">
      <Filter>Header Files</Filter>
    </ClInclude>
    <ClInclude Include="include\graphics\FrameBuffer.h">
      <Filter>Header Files</Filter>
    </ClInclude>
    <ClInclude Include="include\graphics\FrameSubImage.h">
      <Filter>Header Files</Filter>
    </ClInclude>
    <ClInclude Include="include\graphics\FrameTexture.h">
      <Filter>Header Files</Filter>
    </ClInclude>
    <ClInclude Include="include\graphics\GPUProgram.h">
      <Filter>Header Files</Filter>
    </ClInclude>
    <ClInclude Include="include\graphics\GPUShader.h">
      <Filter>Header Files</Filter>
    </ClInclude>
    <ClInclude Include="include\graphics\Graphics.h">
      <Filter>Header Files</Filter>
    </ClInclude>
    <ClInclude Include="include\graphics\GraphicsTypes.h">
      <Filter>Header Files</Filter>
    </ClInclude>
    <ClInclude Include="include\graphics\LowLevelGraphics.h">
      <Filter>Header Files</Filter>
    </ClInclude>
    <ClInclude Include="include\graphics\Material.h">
      <Filter>Header Files</Filter>
    </ClInclude>
    <ClInclude Include="include\graphics\MaterialType.h">
      <Filter>Header Files</Filter>
    </ClInclude>
    <ClInclude Include="include\graphics\MaterialType_BasicSolid.h">
      <Filter>Header Files</Filter>
    </ClInclude>
    <ClInclude Include="include\graphics\MaterialType_BasicTranslucent.h">
      <Filter>Header Files</Filter>
    </ClInclude>
    <ClInclude Include="include\graphics\MaterialType_Decal.h">
      <Filter>Header Files</Filter>
    </ClInclude>
    <ClInclude Include="include\graphics\MaterialType_Water.h">
      <Filter>Header Files</Filter>
    </ClInclude>
    <ClInclude Include="include\graphics\Mesh.h">
      <Filter>Header Files</Filter>
    </ClInclude>
    <ClInclude Include="include\graphics\MeshCreator.h">
      <Filter>Header Files</Filter>
    </ClInclude>
    <ClInclude Include="include\graphics\OcclusionQuery.h">
      <Filter>Header Files</Filter>
    </ClInclude>
    <ClInclude Include="include\graphics\PostEffect.h">
      <Filter>Header Files</Filter>
    </ClInclude>
    <ClInclude Include="include\graphics\PostEffect_Bloom.h">
      <Filter>Header Files</Filter>
    </ClInclude>
    <ClInclude Include="include\graphics\PostEffect_ColorConvTex.h">
      <Filter>Header Files</Filter>
    </ClInclude>
    <ClInclude Include="include\graphics\PostEffect_ImageTrail.h">
      <Filter>Header Files</Filter>
    </ClInclude>
    <ClInclude Include="include\graphics\PostEffect_RadialBlur.h">
      <Filter>Header Files</Filter>
    </ClInclude>
    <ClInclude Include="include\graphics\PostEffectComposite.h">
      <Filter>Header Files</Filter>
    </ClInclude>
    <ClInclude Include="include\graphics\ProgramComboManager.h">
      <Filter>Header Files</Filter>
    </ClInclude>
    <ClInclude Include="include\graphics\Renderable.h">
      <Filter>Header Files</Filter>
    </ClInclude>
    <ClInclude Include="include\graphics\Renderer.h">
      <Filter>Header Files</Filter>
    </ClInclude>
    <ClInclude Include="include\graphics\RendererDeferred.h">
      <Filter>Header Files</Filter>
    </ClInclude>
    <ClInclude Include="include\graphics\RendererSimple.h">
      <Filter>Header Files</Filter>
    </ClInclude>
    <ClInclude Include="include\graphics\RendererWireFrame.h">
      <Filter>Header Files</Filter>
    </ClInclude>
    <ClInclude Include="include\graphics\RenderFunctions.h">
      <Filter>Header Files</Filter>
    </ClInclude>
    <ClInclude Include="include\graphics\RenderList.h">
      <Filter>Header Files</Filter>
    </ClInclude>
    <ClInclude Include="include\graphics\Skeleton.h">
      <Filter>Header Files</Filter>
    </ClInclude>
    <ClInclude Include="include\graphics\SubMesh.h">
      <Filter>Header Files</Filter>
    </ClInclude>
    <ClInclude Include="include\graphics\Texture.h">
      <Filter>Header Files</Filter>
    </ClInclude>
    <ClInclude Include="include\graphics\TextureCreator.h">
      <Filter>Header Files</Filter>
    </ClInclude>
    <ClInclude Include="include\graphics\VertexBuffer.h">
      <Filter>Header Files</Filter>
    </ClInclude>
    <ClInclude Include="include\graphics\VideoStream.h">
      <Filter>Header Files</Filter>
    </ClInclude>
    <ClInclude Include="include\gui\Gui.h">
      <Filter>Header Files</Filter>
    </ClInclude>
    <ClInclude Include="include\gui\GuiGfxElement.h">
      <Filter>Header Files</Filter>
    </ClInclude>
    <ClInclude Include="include\gui\GuiMaterial.h">
      <Filter>Header Files</Filter>
    </ClInclude>
    <ClInclude Include="include\gui\GuiMaterialBasicTypes.h">
      <Filter>Header Files</Filter>
    </ClInclude>
    <ClInclude Include="include\gui\GuiPopUp.h">
      <Filter>Header Files</Filter>
    </ClInclude>
    <ClInclude Include="include\gui\GuiPopUpColorPicker.h">
      <Filter>Header Files</Filter>
    </ClInclude>
    <ClInclude Include="include\gui\GuiPopUpFilePicker.h">
      <Filter>Header Files</Filter>
    </ClInclude>
    <ClInclude Include="include\gui\GuiPopUpMessageBox.h">
      <Filter>Header Files</Filter>
    </ClInclude>
    <ClInclude Include="include\gui\GuiPopUpUIKeyboard.h">
      <Filter>Header Files</Filter>
    </ClInclude>
    <ClInclude Include="include\gui\GuiSet.h">
      <Filter>Header Files</Filter>
    </ClInclude>
    <ClInclude Include="include\gui\GuiSkin.h">
      <Filter>Header Files</Filter>
    </ClInclude>
    <ClInclude Include="include\gui\GuiTypes.h">
      <Filter>Header Files</Filter>
    </ClInclude>
    <ClInclude Include="include\gui\Widget.h">
      <Filter>Header Files</Filter>
    </ClInclude>
    <ClInclude Include="include\gui\WidgetBaseClasses.h">
      <Filter>Header Files</Filter>
    </ClInclude>
    <ClInclude Include="include\gui\WidgetButton.h">
      <Filter>Header Files</Filter>
    </ClInclude>
    <ClInclude Include="include\gui\WidgetCheckBox.h">
      <Filter>Header Files</Filter>
    </ClInclude>
    <ClInclude Include="include\gui\WidgetComboBox.h">
      <Filter>Header Files</Filter>
    </ClInclude>
    <ClInclude Include="include\gui\WidgetContextMenu.h">
      <Filter>Header Files</Filter>
    </ClInclude>
    <ClInclude Include="include\gui\WidgetDummy.h">
      <Filter>Header Files</Filter>
    </ClInclude>
    <ClInclude Include="include\gui\WidgetFrame.h">
      <Filter>Header Files</Filter>
    </ClInclude>
    <ClInclude Include="include\gui\WidgetGroup.h">
      <Filter>Header Files</Filter>
    </ClInclude>
    <ClInclude Include="include\gui\WidgetImage.h">
      <Filter>Header Files</Filter>
    </ClInclude>
    <ClInclude Include="include\gui\WidgetLabel.h">
      <Filter>Header Files</Filter>
    </ClInclude>
    <ClInclude Include="include\gui\WidgetListBox.h">
      <Filter>Header Files</Filter>
    </ClInclude>
    <ClInclude Include="include\gui\WidgetListBoxBase.h">
      <Filter>Header Files</Filter>
    </ClInclude>
    <ClInclude Include="include\gui\WidgetMainMenu.h">
      <Filter>Header Files</Filter>
    </ClInclude>
    <ClInclude Include="include\gui\WidgetMenu.h">
      <Filter>Header Files</Filter>
    </ClInclude>
    <ClInclude Include="include\gui\WidgetMenuItem.h">
      <Filter>Header Files</Filter>
    </ClInclude>
    <ClInclude Include="include\gui\WidgetMultiPropertyListBox.h">
      <Filter>Header Files</Filter>
    </ClInclude>
    <ClInclude Include="include\gui\WidgetSlider.h">
      <Filter>Header Files</Filter>
    </ClInclude>
    <ClInclude Include="include\gui\WidgetTabFrame.h">
      <Filter>Header Files</Filter>
    </ClInclude>
    <ClInclude Include="include\gui\WidgetTextBox.h">
      <Filter>Header Files</Filter>
    </ClInclude>
    <ClInclude Include="include\gui\WidgetWindow.h">
      <Filter>Header Files</Filter>
    </ClInclude>
    <ClInclude Include="include\haptic\Haptic.h">
      <Filter>Header Files</Filter>
    </ClInclude>
    <ClInclude Include="include\haptic\HapticForce.h">
      <Filter>Header Files</Filter>
    </ClInclude>
    <ClInclude Include="include\haptic\HapticShape.h">
      <Filter>Header Files</Filter>
    </ClInclude>
    <ClInclude Include="include\haptic\HapticSurface.h">
      <Filter>Header Files</Filter>
    </ClInclude>
    <ClInclude Include="include\haptic\HapticTypes.h">
      <Filter>Header Files</Filter>
    </ClInclude>
    <ClInclude Include="include\haptic\LowLevelHaptic.h">
      <Filter>Header Files</Filter>
    </ClInclude>
    <ClInclude Include="include\impl\tinyXML\tinystr.h">
      <Filter>Header Files</Filter>
    </ClInclude>
    <ClInclude Include="include\impl\tinyXML\tinyxml.h">
      <Filter>Header Files</Filter>
    </ClInclude>
    <ClInclude Include="include\impl\BitmapLoaderDevil.h">
      <Filter>Header Files</Filter>
    </ClInclude>
    <ClInclude Include="include\impl\BitmapLoaderDevilDDS.h">
      <Filter>Header Files</Filter>
    </ClInclude>
    <ClInclude Include="include\impl\BitmapLoaderDevilMisc.h">
      <Filter>Header Files</Filter>
    </ClInclude>
    <ClInclude Include="include\impl\CGProgram.h">
      <Filter>Header Files</Filter>
    </ClInclude>
    <ClInclude Include="include\impl\CGShader.h">
      <Filter>Header Files</Filter>
    </ClInclude>
    <ClInclude Include="include\impl\CharacterBodyNewton.h">
      <Filter>Header Files</Filter>
    </ClInclude>
    <ClInclude Include="include\impl\CollideShapeNewton.h">
      <Filter>Header Files</Filter>
    </ClInclude>
    <ClInclude Include="include\impl\FmodSoundChannel.h">
      <Filter>Header Files</Filter>
    </ClInclude>
    <ClInclude Include="include\impl\FmodSoundData.h">
      <Filter>Header Files</Filter>
    </ClInclude>
    <ClInclude Include="include\impl\FrameBufferGL.h">
      <Filter>Header Files</Filter>
    </ClInclude>
    <ClInclude Include="include\impl\GamepadSDL.h">
      <Filter>Header Files</Filter>
    </ClInclude>
    <ClInclude Include="include\impl\GamepadSDL2.h">
      <Filter>Header Files</Filter>
    </ClInclude>
    <ClInclude Include="include\impl\GamepadXInput.h">
      <Filter>Header Files</Filter>
    </ClInclude>
    <ClInclude Include="include\impl\GLSLProgram.h">
      <Filter>Header Files</Filter>
    </ClInclude>
    <ClInclude Include="include\impl\GLSLShader.h">
      <Filter>Header Files</Filter>
    </ClInclude>
    <ClInclude Include="include\impl\KeyboardSDL.h">
      <Filter>Header Files</Filter>
    </ClInclude>
    <ClInclude Include="include\impl\LowLevelGraphicsSDL.h">
      <Filter>Header Files</Filter>
    </ClInclude>
    <ClInclude Include="include\impl\LowLevelHapticHaptX.h">
      <Filter>Header Files</Filter>
    </ClInclude>
    <ClInclude Include="include\impl\LowLevelInputSDL.h">
      <Filter>Header Files</Filter>
    </ClInclude>
    <ClInclude Include="include\impl\LowLevelPhysicsNewton.h">
      <Filter>Header Files</Filter>
    </ClInclude>
    <ClInclude Include="include\impl\LowLevelResourcesSDL.h">
      <Filter>Header Files</Filter>
    </ClInclude>
    <ClInclude Include="include\impl\LowLevelSoundFmod.h">
      <Filter>Header Files</Filter>
    </ClInclude>
    <ClInclude Include="include\impl\LowLevelSoundOpenAL.h">
      <Filter>Header Files</Filter>
    </ClInclude>
    <ClInclude Include="include\impl\LowLevelSystemSDL.h">
      <Filter>Header Files</Filter>
    </ClInclude>
    <ClInclude Include="include\impl\MeshLoaderCollada.h">
      <Filter>Header Files</Filter>
    </ClInclude>
    <ClInclude Include="include\impl\MeshLoaderFBX.h">
      <Filter>Header Files</Filter>
    </ClInclude>
    <ClInclude Include="include\impl\MeshLoaderMSH.h">
      <Filter>Header Files</Filter>
    </ClInclude>
    <ClInclude Include="include\impl\MouseSDL.h">
      <Filter>Header Files</Filter>
    </ClInclude>
    <ClInclude Include="include\impl\MutexSDL.h">
      <Filter>Header Files</Filter>
    </ClInclude>
    <ClInclude Include="include\impl\MutexWin32.h">
      <Filter>Header Files</Filter>
    </ClInclude>
    <ClInclude Include="include\impl\OcclusionQueryOGL.h">
      <Filter>Header Files</Filter>
    </ClInclude>
    <ClInclude Include="include\impl\OpenALSoundChannel.h">
      <Filter>Header Files</Filter>
    </ClInclude>
    <ClInclude Include="include\impl\OpenALSoundData.h">
      <Filter>Header Files</Filter>
    </ClInclude>
    <ClInclude Include="include\impl\OpenALSoundEnvironment.h">
      <Filter>Header Files</Filter>
    </ClInclude>
    <ClInclude Include="include\impl\PBuffer.h">
      <Filter>Header Files</Filter>
    </ClInclude>
    <ClInclude Include="include\impl\PhysicsBodyNewton.h">
      <Filter>Header Files</Filter>
    </ClInclude>
    <ClInclude Include="include\impl\PhysicsControllerNewton.h">
      <Filter>Header Files</Filter>
    </ClInclude>
    <ClInclude Include="include\impl\PhysicsJointBallNewton.h">
      <Filter>Header Files</Filter>
    </ClInclude>
    <ClInclude Include="include\impl\PhysicsJointHingeNewton.h">
      <Filter>Header Files</Filter>
    </ClInclude>
    <ClInclude Include="include\impl\PhysicsJointNewton.h">
      <Filter>Header Files</Filter>
    </ClInclude>
    <ClInclude Include="include\impl\PhysicsJointScrewNewton.h">
      <Filter>Header Files</Filter>
    </ClInclude>
    <ClInclude Include="include\impl\PhysicsJointSliderNewton.h">
      <Filter>Header Files</Filter>
    </ClInclude>
    <ClInclude Include="include\impl\PhysicsMaterialNewton.h">
      <Filter>Header Files</Filter>
    </ClInclude>
    <ClInclude Include="include\impl\PhysicsRopeNewton.h">
      <Filter>Header Files</Filter>
    </ClInclude>
    <ClInclude Include="include\impl\PhysicsWorldNewton.h">
      <Filter>Header Files</Filter>
    </ClInclude>
    <ClInclude Include="include\impl\scripthelper.h">
      <Filter>Header Files</Filter>
    </ClInclude>
    <ClInclude Include="include\impl\scriptstring.h">
      <Filter>Header Files</Filter>
    </ClInclude>
    <ClInclude Include="include\impl\SDLEngineSetup.h">
      <Filter>Header Files</Filter>
    </ClInclude>
    <ClInclude Include="include\impl\SDLFontData.h">
      <Filter>Header Files</Filter>
    </ClInclude>
    <ClInclude Include="include\impl\SDLTexture.h">
      <Filter>Header Files</Filter>
    </ClInclude>
    <ClInclude Include="include\impl\SqScript.h">
      <Filter>Header Files</Filter>
    </ClInclude>
    <ClInclude Include="include\impl\TaskKeyHook.h">
      <Filter>Header Files</Filter>
    </ClInclude>
    <ClInclude Include="include\impl\ThreadSDL.h">
      <Filter>Header Files</Filter>
    </ClInclude>
    <ClInclude Include="include\impl\ThreadWin32.h">
      <Filter>Header Files</Filter>
    </ClInclude>
    <ClInclude Include="include\impl\TimerSDL.h">
      <Filter>Header Files</Filter>
    </ClInclude>
    <ClInclude Include="include\impl\VertexBufferOGL_Array.h">
      <Filter>Header Files</Filter>
    </ClInclude>
    <ClInclude Include="include\impl\VertexBufferOGL_VBO.h">
      <Filter>Header Files</Filter>
    </ClInclude>
    <ClInclude Include="include\impl\VertexBufferOpenGL.h">
      <Filter>Header Files</Filter>
    </ClInclude>
    <ClInclude Include="include\impl\VideoStreamTheora.h">
      <Filter>Header Files</Filter>
    </ClInclude>
    <ClInclude Include="include\impl\XmlDocumentTiny.h">
      <Filter>Header Files</Filter>
    </ClInclude>
    <ClInclude Include="include\input\Action.h">
      <Filter>Header Files</Filter>
    </ClInclude>
    <ClInclude Include="include\input\ActionGamepadAxis.h">
      <Filter>Header Files</Filter>
    </ClInclude>
    <ClInclude Include="include\input\ActionGamepadButton.h">
      <Filter>Header Files</Filter>
    </ClInclude>
    <ClInclude Include="include\input\ActionGamepadHat.h">
      <Filter>Header Files</Filter>
    </ClInclude>
    <ClInclude Include="include\input\ActionHaptic.h">
      <Filter>Header Files</Filter>
    </ClInclude>
    <ClInclude Include="include\input\ActionKeyboard.h">
      <Filter>Header Files</Filter>
    </ClInclude>
    <ClInclude Include="include\input\ActionMouseButton.h">
      <Filter>Header Files</Filter>
    </ClInclude>
    <ClInclude Include="include\input\Gamepad.h">
      <Filter>Header Files</Filter>
    </ClInclude>
    <ClInclude Include="include\input\Input.h">
      <Filter>Header Files</Filter>
    </ClInclude>
    <ClInclude Include="include\input\InputDevice.h">
      <Filter>Header Files</Filter>
    </ClInclude>
    <ClInclude Include="include\input\InputTypes.h">
      <Filter>Header Files</Filter>
    </ClInclude>
    <ClInclude Include="include\input\Keyboard.h">
      <Filter>Header Files</Filter>
    </ClInclude>
    <ClInclude Include="include\input\LowLevelInput.h">
      <Filter>Header Files</Filter>
    </ClInclude>
    <ClInclude Include="include\input\Mouse.h">
      <Filter>Header Files</Filter>
    </ClInclude>
    <ClInclude Include="include\math\BoundingVolume.h">
      <Filter>Header Files</Filter>
    </ClInclude>
    <ClInclude Include="include\math\CRC.h">
      <Filter>Header Files</Filter>
    </ClInclude>
    <ClInclude Include="include\math\Frustum.h">
      <Filter>Header Files</Filter>
    </ClInclude>
    <ClInclude Include="include\math\Math.h">
      <Filter>Header Files</Filter>
    </ClInclude>
    <ClInclude Include="include\math\MathTypes.h">
      <Filter>Header Files</Filter>
    </ClInclude>
    <ClInclude Include="include\math\Matrix.h">
      <Filter>Header Files</Filter>
    </ClInclude>
    <ClInclude Include="include\math\MeshTypes.h">
      <Filter>Header Files</Filter>
    </ClInclude>
    <ClInclude Include="include\math\PidController.h">
      <Filter>Header Files</Filter>
    </ClInclude>
    <ClInclude Include="include\math\Quaternion.h">
      <Filter>Header Files</Filter>
    </ClInclude>
    <ClInclude Include="include\math\Spring.h">
      <Filter>Header Files</Filter>
    </ClInclude>
    <ClInclude Include="include\math\Vector2.h">
      <Filter>Header Files</Filter>
    </ClInclude>
    <ClInclude Include="include\math\Vector3.h">
      <Filter>Header Files</Filter>
    </ClInclude>
    <ClInclude Include="include\physics\CharacterBody.h">
      <Filter>Header Files</Filter>
    </ClInclude>
    <ClInclude Include="include\physics\CollideData.h">
      <Filter>Header Files</Filter>
    </ClInclude>
    <ClInclude Include="include\physics\CollideShape.h">
      <Filter>Header Files</Filter>
    </ClInclude>
    <ClInclude Include="include\physics\LowLevelPhysics.h">
      <Filter>Header Files</Filter>
    </ClInclude>
    <ClInclude Include="include\physics\Physics.h">
      <Filter>Header Files</Filter>
    </ClInclude>
    <ClInclude Include="include\physics\PhysicsBody.h">
      <Filter>Header Files</Filter>
    </ClInclude>
    <ClInclude Include="include\physics\PhysicsController.h">
      <Filter>Header Files</Filter>
    </ClInclude>
    <ClInclude Include="include\physics\PhysicsJoint.h">
      <Filter>Header Files</Filter>
    </ClInclude>
    <ClInclude Include="include\physics\PhysicsJointBall.h">
      <Filter>Header Files</Filter>
    </ClInclude>
    <ClInclude Include="include\physics\PhysicsJointHinge.h">
      <Filter>Header Files</Filter>
    </ClInclude>
    <ClInclude Include="include\physics\PhysicsJointScrew.h">
      <Filter>Header Files</Filter>
    </ClInclude>
    <ClInclude Include="include\physics\PhysicsJointSlider.h">
      <Filter>Header Files</Filter>
    </ClInclude>
    <ClInclude Include="include\physics\PhysicsMaterial.h">
      <Filter>Header Files</Filter>
    </ClInclude>
    <ClInclude Include="include\physics\PhysicsRope.h">
      <Filter>Header Files</Filter>
    </ClInclude>
    <ClInclude Include="include\physics\PhysicsTypes.h">
      <Filter>Header Files</Filter>
    </ClInclude>
    <ClInclude Include="include\physics\PhysicsWorld.h">
      <Filter>Header Files</Filter>
    </ClInclude>
    <ClInclude Include="include\physics\SurfaceData.h">
      <Filter>Header Files</Filter>
    </ClInclude>
    <ClInclude Include="include\physics\VerletParticle.h">
      <Filter>Header Files</Filter>
    </ClInclude>
    <ClInclude Include="include\resources\AnimationManager.h">
      <Filter>Header Files</Filter>
    </ClInclude>
    <ClInclude Include="include\resources\BinaryBuffer.h">
      <Filter>Header Files</Filter>
    </ClInclude>
    <ClInclude Include="include\resources\BitmapLoader.h">
      <Filter>Header Files</Filter>
    </ClInclude>
    <ClInclude Include="include\resources\BitmapLoaderHandler.h">
      <Filter>Header Files</Filter>
    </ClInclude>
    <ClInclude Include="include\resources\ConfigFile.h">
      <Filter>Header Files</Filter>
    </ClInclude>
    <ClInclude Include="include\resources\EngineFileLoading.h">
      <Filter>Header Files</Filter>
    </ClInclude>
    <ClInclude Include="include\resources\EntFileManager.h">
      <Filter>Header Files</Filter>
    </ClInclude>
    <ClInclude Include="include\resources\EntityLoader_Object.h">
      <Filter>Header Files</Filter>
    </ClInclude>
    <ClInclude Include="include\resources\FileSearcher.h">
      <Filter>Header Files</Filter>
    </ClInclude>
    <ClInclude Include="include\resources\FontManager.h">
      <Filter>Header Files</Filter>
    </ClInclude>
    <ClInclude Include="include\resources\GpuShaderManager.h">
      <Filter>Header Files</Filter>
    </ClInclude>
    <ClInclude Include="include\resources\ImageManager.h">
      <Filter>Header Files</Filter>
    </ClInclude>
    <ClInclude Include="include\resources\LanguageFile.h">
      <Filter>Header Files</Filter>
    </ClInclude>
    <ClInclude Include="include\resources\LowLevelResources.h">
      <Filter>Header Files</Filter>
    </ClInclude>
    <ClInclude Include="include\resources\MaterialManager.h">
      <Filter>Header Files</Filter>
    </ClInclude>
    <ClInclude Include="include\resources\MeshLoader.h">
      <Filter>Header Files</Filter>
    </ClInclude>
    <ClInclude Include="include\resources\MeshLoaderHandler.h">
      <Filter>Header Files</Filter>
    </ClInclude>
    <ClInclude Include="include\resources\MeshManager.h">
      <Filter>Header Files</Filter>
    </ClInclude>
    <ClInclude Include="include\resources\ParticleManager.h">
      <Filter>Header Files</Filter>
    </ClInclude>
    <ClInclude Include="include\resources\ResourceBase.h">
      <Filter>Header Files</Filter>
    </ClInclude>
    <ClInclude Include="include\resources\ResourceLoader.h">
      <Filter>Header Files</Filter>
    </ClInclude>
    <ClInclude Include="include\resources\ResourceLoaderHandler.h">
      <Filter>Header Files</Filter>
    </ClInclude>
    <ClInclude Include="include\resources\ResourceManager.h">
      <Filter>Header Files</Filter>
    </ClInclude>
    <ClInclude Include="include\resources\Resources.h">
      <Filter>Header Files</Filter>
    </ClInclude>
    <ClInclude Include="include\resources\ResourcesTypes.h">
      <Filter>Header Files</Filter>
    </ClInclude>
    <ClInclude Include="include\resources\ScriptManager.h">
      <Filter>Header Files</Filter>
    </ClInclude>
    <ClInclude Include="include\resources\SoundEntityManager.h">
      <Filter>Header Files</Filter>
    </ClInclude>
    <ClInclude Include="include\resources\SoundManager.h">
      <Filter>Header Files</Filter>
    </ClInclude>
    <ClInclude Include="include\resources\TextureManager.h">
      <Filter>Header Files</Filter>
    </ClInclude>
    <ClInclude Include="include\resources\VideoLoader.h">
      <Filter>Header Files</Filter>
    </ClInclude>
    <ClInclude Include="include\resources\VideoLoaderHandler.h">
      <Filter>Header Files</Filter>
    </ClInclude>
    <ClInclude Include="include\resources\VideoManager.h">
      <Filter>Header Files</Filter>
    </ClInclude>
    <ClInclude Include="include\resources\WorldLoader.h">
      <Filter>Header Files</Filter>
    </ClInclude>
    <ClInclude Include="include\resources\WorldLoaderHandler.h">
      <Filter>Header Files</Filter>
    </ClInclude>
    <ClInclude Include="include\resources\WorldLoaderHplMap.h">
      <Filter>Header Files</Filter>
    </ClInclude>
    <ClInclude Include="include\resources\XmlDocument.h">
      <Filter>Header Files</Filter>
    </ClInclude>
    <ClInclude Include="include\scene\AnimationState.h">
      <Filter>Header Files</Filter>
    </ClInclude>
    <ClInclude Include="include\scene\Beam.h">
      <Filter>Header Files</Filter>
    </ClInclude>
    <ClInclude Include="include\scene\BillBoard.h">
      <Filter>Header Files</Filter>
    </ClInclude>
    <ClInclude Include="include\scene\Camera.h">
      <Filter>Header Files</Filter>
    </ClInclude>
    <ClInclude Include="include\scene\DummyRenderable.h">
      <Filter>Header Files</Filter>
    </ClInclude>
    <ClInclude Include="include\scene\Entity3D.h">
      <Filter>Header Files</Filter>
    </ClInclude>
    <ClInclude Include="include\scene\FogArea.h">
      <Filter>Header Files</Filter>
    </ClInclude>
    <ClInclude Include="include\scene\GuiSetEntity.h">
      <Filter>Header Files</Filter>
    </ClInclude>
    <ClInclude Include="include\scene\Light.h">
      <Filter>Header Files</Filter>
    </ClInclude>
    <ClInclude Include="include\scene\LightBox.h">
      <Filter>Header Files</Filter>
    </ClInclude>
    <ClInclude Include="include\scene\LightPoint.h">
      <Filter>Header Files</Filter>
    </ClInclude>
    <ClInclude Include="include\scene\LightSpot.h">
      <Filter>Header Files</Filter>
    </ClInclude>
    <ClInclude Include="include\scene\MeshEntity.h">
      <Filter>Header Files</Filter>
    </ClInclude>
    <ClInclude Include="include\scene\Node3D.h">
      <Filter>Header Files</Filter>
    </ClInclude>
    <ClInclude Include="include\scene\NodeState.h">
      <Filter>Header Files</Filter>
    </ClInclude>
    <ClInclude Include="include\scene\ParticleEmitter.h">
      <Filter>Header Files</Filter>
    </ClInclude>
    <ClInclude Include="include\scene\ParticleEmitter_UserData.h">
      <Filter>Header Files</Filter>
    </ClInclude>
    <ClInclude Include="include\scene\ParticleSystem.h">
      <Filter>Header Files</Filter>
    </ClInclude>
    <ClInclude Include="include\scene\RenderableContainer.h">
      <Filter>Header Files</Filter>
    </ClInclude>
    <ClInclude Include="include\scene\RenderableContainer_BoxTree.h">
      <Filter>Header Files</Filter>
    </ClInclude>
    <ClInclude Include="include\scene\RenderableContainer_DynBoxTree.h">
      <Filter>Header Files</Filter>
    </ClInclude>
    <ClInclude Include="include\scene\RenderableContainer_List.h">
      <Filter>Header Files</Filter>
    </ClInclude>
    <ClInclude Include="include\scene\RopeEntity.h">
      <Filter>Header Files</Filter>
    </ClInclude>
    <ClInclude Include="include\scene\Scene.h">
      <Filter>Header Files</Filter>
    </ClInclude>
    <ClInclude Include="include\scene\SceneTypes.h">
      <Filter>Header Files</Filter>
    </ClInclude>
    <ClInclude Include="include\scene\SoundEntity.h">
      <Filter>Header Files</Filter>
    </ClInclude>
    <ClInclude Include="include\scene\SubMeshEntity.h">
      <Filter>Header Files</Filter>
    </ClInclude>
    <ClInclude Include="include\scene\Viewport.h">
      <Filter>Header Files</Filter>
    </ClInclude>
    <ClInclude Include="include\scene\World.h">
      <Filter>Header Files</Filter>
    </ClInclude>
    <ClInclude Include="include\sound\LowLevelSound.h">
      <Filter>Header Files</Filter>
    </ClInclude>
    <ClInclude Include="include\sound\MusicHandler.h">
      <Filter>Header Files</Filter>
    </ClInclude>
    <ClInclude Include="include\sound\Sound.h">
      <Filter>Header Files</Filter>
    </ClInclude>
    <ClInclude Include="include\sound\SoundChannel.h">
      <Filter>Header Files</Filter>
    </ClInclude>
    <ClInclude Include="include\sound\SoundData.h">
      <Filter>Header Files</Filter>
    </ClInclude>
    <ClInclude Include="include\sound\SoundEntityData.h">
      <Filter>Header Files</Filter>
    </ClInclude>
    <ClInclude Include="include\sound\SoundEnvironment.h">
      <Filter>Header Files</Filter>
    </ClInclude>
    <ClInclude Include="include\sound\SoundHandler.h">
      <Filter>Header Files</Filter>
    </ClInclude>
    <ClInclude Include="include\sound\SoundTypes.h">
      <Filter>Header Files</Filter>
    </ClInclude>
    <ClInclude Include="include\system\BinTree.h">
      <Filter>Header Files</Filter>
    </ClInclude>
    <ClInclude Include="include\system\Container.h">
      <Filter>Header Files</Filter>
    </ClInclude>
    <ClInclude Include="include\system\LogicTimer.h">
      <Filter>Header Files</Filter>
    </ClInclude>
    <ClInclude Include="include\system\LowLevelSystem.h">
      <Filter>Header Files</Filter>
    </ClInclude>
    <ClInclude Include="include\system\MemoryManager.h">
      <Filter>Header Files</Filter>
    </ClInclude>
    <ClInclude Include="include\system\Mutex.h">
      <Filter>Header Files</Filter>
    </ClInclude>
    <ClInclude Include="include\system\Platform.h">
      <Filter>Header Files</Filter>
    </ClInclude>
    <ClInclude Include="include\system\PreprocessParser.h">
      <Filter>Header Files</Filter>
    </ClInclude>
    <ClInclude Include="include\system\Script.h">
      <Filter>Header Files</Filter>
    </ClInclude>
    <ClInclude Include="include\system\SerializeClass.h">
      <Filter>Header Files</Filter>
    </ClInclude>
    <ClInclude Include="include\system\SHA1.h">
      <Filter>Header Files</Filter>
    </ClInclude>
    <ClInclude Include="include\system\String.h">
      <Filter>Header Files</Filter>
    </ClInclude>
    <ClInclude Include="include\system\System.h">
      <Filter>Header Files</Filter>
    </ClInclude>
    <ClInclude Include="include\system\SystemTypes.h">
      <Filter>Header Files</Filter>
    </ClInclude>
    <ClInclude Include="include\system\Thread.h">
      <Filter>Header Files</Filter>
    </ClInclude>
    <ClInclude Include="include\system\Timer.h">
      <Filter>Header Files</Filter>
    </ClInclude>
    <ClInclude Include="include\BuildID_HPL2_0.h">
      <Filter>Header Files</Filter>
    </ClInclude>
    <ClInclude Include="include\hpl.h">
      <Filter>Header Files</Filter>
    </ClInclude>
  </ItemGroup>
  <ItemGroup>
    <ClCompile Include="XNHPL2.cpp">
      <Filter>Source Files</Filter>
    </ClCompile>
    <ClCompile Include="sources\ai\AI.cpp">
      <Filter>Source Files</Filter>
    </ClCompile>
    <ClCompile Include="sources\ai\AINodeContainer.cpp">
      <Filter>Source Files</Filter>
    </ClCompile>
    <ClCompile Include="sources\ai\AINodeGenerator.cpp">
      <Filter>Source Files</Filter>
    </ClCompile>
    <ClCompile Include="sources\ai\AStar.cpp">
      <Filter>Source Files</Filter>
    </ClCompile>
    <ClCompile Include="sources\ai\StateMachine.cpp">
      <Filter>Source Files</Filter>
    </ClCompile>
    <ClCompile Include="sources\engine\Engine.cpp">
      <Filter>Source Files</Filter>
    </ClCompile>
    <ClCompile Include="sources\engine\EngineTypes.cpp">
      <Filter>Source Files</Filter>
    </ClCompile>
    <ClCompile Include="sources\engine\SaveGame.cpp">
      <Filter>Source Files</Filter>
    </ClCompile>
    <ClCompile Include="sources\engine\ScriptFuncs.cpp">
      <Filter>Source Files</Filter>
    </ClCompile>
    <ClCompile Include="sources\engine\Updater.cpp">
      <Filter>Source Files</Filter>
    </ClCompile>
    <ClCompile Include="sources\generate\Generate.cpp">
      <Filter>Source Files</Filter>
    </ClCompile>
    <ClCompile Include="sources\generate\GenerateTypes.cpp">
      <Filter>Source Files</Filter>
    </ClCompile>
    <ClCompile Include="sources\generate\VoxelMap.cpp">
      <Filter>Source Files</Filter>
    </ClCompile>
    <ClCompile Include="sources\graphics\Animation.cpp">
      <Filter>Source Files</Filter>
    </ClCompile>
    <ClCompile Include="sources\graphics\AnimationTrack.cpp">
      <Filter>Source Files</Filter>
    </ClCompile>
    <ClCompile Include="sources\graphics\Bitmap.cpp">
      <Filter>Source Files</Filter>
    </ClCompile>
    <ClCompile Include="sources\graphics\Bone.cpp">
      <Filter>Source Files</Filter>
    </ClCompile>
    <ClCompile Include="sources\graphics\BoneState.cpp">
      <Filter>Source Files</Filter>
    </ClCompile>
    <ClCompile Include="sources\graphics\Color.cpp">
      <Filter>Source Files</Filter>
    </ClCompile>
    <ClCompile Include="sources\graphics\DecalCreator.cpp">
      <Filter>Source Files</Filter>
    </ClCompile>
    <ClCompile Include="sources\graphics\FontData.cpp">
      <Filter>Source Files</Filter>
    </ClCompile>
    <ClCompile Include="sources\graphics\FrameBitmap.cpp">
      <Filter>Source Files</Filter>
    </ClCompile>
    <ClCompile Include="sources\graphics\FrameSubImage.cpp">
      <Filter>Source Files</Filter>
    </ClCompile>
    <ClCompile Include="sources\graphics\FrameTexture.cpp">
      <Filter>Source Files</Filter>
    </ClCompile>
    <ClCompile Include="sources\graphics\GPUProgram.cpp">
      <Filter>Source Files</Filter>
    </ClCompile>
    <ClCompile Include="sources\graphics\GPUShader.cpp">
      <Filter>Source Files</Filter>
    </ClCompile>
    <ClCompile Include="sources\graphics\Graphics.cpp">
      <Filter>Source Files</Filter>
    </ClCompile>
    <ClCompile Include="sources\graphics\GraphicsTypes.cpp">
      <Filter>Source Files</Filter>
    </ClCompile>
    <ClCompile Include="sources\graphics\LowLevelGraphics.cpp">
      <Filter>Source Files</Filter>
    </ClCompile>
    <ClCompile Include="sources\graphics\Material.cpp">
      <Filter>Source Files</Filter>
    </ClCompile>
    <ClCompile Include="sources\graphics\MaterialType.cpp">
      <Filter>Source Files</Filter>
    </ClCompile>
    <ClCompile Include="sources\graphics\MaterialType_BasicSolid.cpp">
      <Filter>Source Files</Filter>
    </ClCompile>
    <ClCompile Include="sources\graphics\MaterialType_BasicTranslucent.cpp">
      <Filter>Source Files</Filter>
    </ClCompile>
    <ClCompile Include="sources\graphics\MaterialType_Decal.cpp">
      <Filter>Source Files</Filter>
    </ClCompile>
    <ClCompile Include="sources\graphics\MaterialType_Water.cpp">
      <Filter>Source Files</Filter>
    </ClCompile>
    <ClCompile Include="sources\graphics\Mesh.cpp">
      <Filter>Source Files</Filter>
    </ClCompile>
    <ClCompile Include="sources\graphics\MeshCreator.cpp">
      <Filter>Source Files</Filter>
    </ClCompile>
    <ClCompile Include="sources\graphics\PostEffect.cpp">
      <Filter>Source Files</Filter>
    </ClCompile>
    <ClCompile Include="sources\graphics\PostEffect_Bloom.cpp">
      <Filter>Source Files</Filter>
    </ClCompile>
    <ClCompile Include="sources\graphics\PostEffect_ColorConvTex.cpp">
      <Filter>Source Files</Filter>
    </ClCompile>
    <ClCompile Include="sources\graphics\PostEffect_ImageTrail.cpp">
      <Filter>Source Files</Filter>
    </ClCompile>
    <ClCompile Include="sources\graphics\PostEffect_RadialBlur.cpp">
      <Filter>Source Files</Filter>
    </ClCompile>
    <ClCompile Include="sources\graphics\PostEffectComposite.cpp">
      <Filter>Source Files</Filter>
    </ClCompile>
    <ClCompile Include="sources\graphics\ProgramComboManager.cpp">
      <Filter>Source Files</Filter>
    </ClCompile>
    <ClCompile Include="sources\graphics\Renderable.cpp">
      <Filter>Source Files</Filter>
    </ClCompile>
    <ClCompile Include="sources\graphics\Renderer.cpp">
      <Filter>Source Files</Filter>
    </ClCompile>
    <ClCompile Include="sources\graphics\RendererDeferred.cpp">
      <Filter>Source Files</Filter>
    </ClCompile>
    <ClCompile Include="sources\graphics\RendererSimple.cpp">
      <Filter>Source Files</Filter>
    </ClCompile>
    <ClCompile Include="sources\graphics\RendererWireFrame.cpp">
      <Filter>Source Files</Filter>
    </ClCompile>
    <ClCompile Include="sources\graphics\RenderFunctions.cpp">
      <Filter>Source Files</Filter>
    </ClCompile>
    <ClCompile Include="sources\graphics\RenderList.cpp">
      <Filter>Source Files</Filter>
    </ClCompile>
    <ClCompile Include="sources\graphics\Skeleton.cpp">
      <Filter>Source Files</Filter>
    </ClCompile>
    <ClCompile Include="sources\graphics\SubMesh.cpp">
      <Filter>Source Files</Filter>
    </ClCompile>
    <ClCompile Include="sources\graphics\TextureCreator.cpp">
      <Filter>Source Files</Filter>
    </ClCompile>
    <ClCompile Include="sources\gui\Gui.cpp">
      <Filter>Source Files</Filter>
    </ClCompile>
    <ClCompile Include="sources\gui\GuiGfxElement.cpp">
      <Filter>Source Files</Filter>
    </ClCompile>
    <ClCompile Include="sources\gui\GuiMaterialBasicTypes.cpp">
      <Filter>Source Files</Filter>
    </ClCompile>
    <ClCompile Include="sources\gui\GuiPopUp.cpp">
      <Filter>Source Files</Filter>
    </ClCompile>
    <ClCompile Include="sources\gui\GuiPopUpColorPicker.cpp">
      <Filter>Source Files</Filter>
    </ClCompile>
    <ClCompile Include="sources\gui\GuiPopUpFilePicker.cpp">
      <Filter>Source Files</Filter>
    </ClCompile>
    <ClCompile Include="sources\gui\GuiPopUpMessageBox.cpp">
      <Filter>Source Files</Filter>
    </ClCompile>
    <ClCompile Include="sources\gui\GuiPopUpUIKeyboard.cpp">
      <Filter>Source Files</Filter>
    </ClCompile>
    <ClCompile Include="sources\gui\GuiSet.cpp">
      <Filter>Source Files</Filter>
    </ClCompile>
    <ClCompile Include="sources\gui\GuiSkin.cpp">
      <Filter>Source Files</Filter>
    </ClCompile>
    <ClCompile Include="sources\gui\Widget.cpp">
      <Filter>Source Files</Filter>
    </ClCompile>
    <ClCompile Include="sources\gui\WidgetBaseClasses.cpp">
      <Filter>Source Files</Filter>
    </ClCompile>
    <ClCompile Include="sources\gui\WidgetButton.cpp">
      <Filter>Source Files</Filter>
    </ClCompile>
    <ClCompile Include="sources\gui\WidgetCheckBox.cpp">
      <Filter>Source Files</Filter>
    </ClCompile>
    <ClCompile Include="sources\gui\WidgetComboBox.cpp">
      <Filter>Source Files</Filter>
    </ClCompile>
    <ClCompile Include="sources\gui\WidgetContextMenu.cpp">
      <Filter>Source Files</Filter>
    </ClCompile>
    <ClCompile Include="sources\gui\WidgetDummy.cpp">
      <Filter>Source Files</Filter>
    </ClCompile>
    <ClCompile Include="sources\gui\WidgetFrame.cpp">
      <Filter>Source Files</Filter>
    </ClCompile>
    <ClCompile Include="sources\gui\WidgetGroup.cpp">
      <Filter>Source Files</Filter>
    </ClCompile>
    <ClCompile Include="sources\gui\WidgetImage.cpp">
      <Filter>Source Files</Filter>
    </ClCompile>
    <ClCompile Include="sources\gui\WidgetLabel.cpp">
      <Filter>Source Files</Filter>
    </ClCompile>
    <ClCompile Include="sources\gui\WidgetListBox.cpp">
      <Filter>Source Files</Filter>
    </ClCompile>
    <ClCompile Include="sources\gui\WidgetListBoxBase.cpp">
      <Filter>Source Files</Filter>
    </ClCompile>
    <ClCompile Include="sources\gui\WidgetMainMenu.cpp">
      <Filter>Source Files</Filter>
    </ClCompile>
    <ClCompile Include="sources\gui\WidgetMenu.cpp">
      <Filter>Source Files</Filter>
    </ClCompile>
    <ClCompile Include="sources\gui\WidgetMenuItem.cpp">
      <Filter>Source Files</Filter>
    </ClCompile>
    <ClCompile Include="sources\gui\WidgetMultiPropertyListBox.cpp">
      <Filter>Source Files</Filter>
    </ClCompile>
    <ClCompile Include="sources\gui\WidgetSlider.cpp">
      <Filter>Source Files</Filter>
    </ClCompile>
    <ClCompile Include="sources\gui\WidgetTabFrame.cpp">
      <Filter>Source Files</Filter>
    </ClCompile>
    <ClCompile Include="sources\gui\WidgetTextBox.cpp">
      <Filter>Source Files</Filter>
    </ClCompile>
    <ClCompile Include="sources\gui\WidgetWindow.cpp">
      <Filter>Source Files</Filter>
    </ClCompile>
    <ClCompile Include="sources\haptic\Haptic.cpp">
      <Filter>Source Files</Filter>
    </ClCompile>
    <ClCompile Include="sources\haptic\LowLevelHaptic.cpp">
      <Filter>Source Files</Filter>
    </ClCompile>
    <ClCompile Include="sources\impl\tinyXml\tinystr.cpp">
      <Filter>Source Files</Filter>
    </ClCompile>
    <ClCompile Include="sources\impl\tinyXml\tinyxml.cpp">
      <Filter>Source Files</Filter>
    </ClCompile>
    <ClCompile Include="sources\impl\tinyXml\tinyxmlerror.cpp">
      <Filter>Source Files</Filter>
    </ClCompile>
    <ClCompile Include="sources\impl\tinyXml\tinyxmlparser.cpp">
      <Filter>Source Files</Filter>
    </ClCompile>
    <ClCompile Include="sources\impl\BitmapLoaderDevil.cpp">
      <Filter>Source Files</Filter>
    </ClCompile>
    <ClCompile Include="sources\impl\BitmapLoaderDevilDDS.cpp">
      <Filter>Source Files</Filter>
    </ClCompile>
    <ClCompile Include="sources\impl\BitmapLoaderDevilMisc.cpp">
      <Filter>Source Files</Filter>
    </ClCompile>
    <ClCompile Include="sources\impl\CGProgram.cpp">
      <Filter>Source Files</Filter>
    </ClCompile>
    <ClCompile Include="sources\impl\CGShader.cpp">
      <Filter>Source Files</Filter>
    </ClCompile>
    <ClCompile Include="sources\impl\CharacterBodyNewton.cpp">
      <Filter>Source Files</Filter>
    </ClCompile>
    <ClCompile Include="sources\impl\CollideShapeNewton.cpp">
      <Filter>Source Files</Filter>
    </ClCompile>
    <ClCompile Include="sources\impl\FmodSoundChannel.cpp">
      <Filter>Source Files</Filter>
    </ClCompile>
    <ClCompile Include="sources\impl\FmodSoundData.cpp">
      <Filter>Source Files</Filter>
    </ClCompile>
    <ClCompile Include="sources\impl\FrameBufferGL.cpp">
      <Filter>Source Files</Filter>
    </ClCompile>
    <ClCompile Include="sources\impl\GamepadSDL.cpp">
      <Filter>Source Files</Filter>
    </ClCompile>
    <ClCompile Include="sources\impl\GamepadSDL2.cpp">
      <Filter>Source Files</Filter>
    </ClCompile>
    <ClCompile Include="sources\impl\GamepadXInput.cpp">
      <Filter>Source Files</Filter>
    </ClCompile>
    <ClCompile Include="sources\impl\GLSLProgram.cpp">
      <Filter>Source Files</Filter>
    </ClCompile>
    <ClCompile Include="sources\impl\GLSLShader.cpp">
      <Filter>Source Files</Filter>
    </ClCompile>
    <ClCompile Include="sources\impl\KeyboardSDL.cpp">
      <Filter>Source Files</Filter>
    </ClCompile>
    <ClCompile Include="sources\impl\LowLevelGraphicsSDL.cpp">
      <Filter>Source Files</Filter>
    </ClCompile>
    <ClCompile Include="sources\impl\LowLevelHapticHaptX.cpp">
      <Filter>Source Files</Filter>
    </ClCompile>
    <ClCompile Include="sources\impl\LowLevelInputSDL.cpp">
      <Filter>Source Files</Filter>
    </ClCompile>
    <ClCompile Include="sources\impl\LowLevelPhysicsNewton.cpp">
      <Filter>Source Files</Filter>
    </ClCompile>
    <ClCompile Include="sources\impl\LowLevelResourcesSDL.cpp">
      <Filter>Source Files</Filter>
    </ClCompile>
    <ClCompile Include="sources\impl\LowLevelSoundFmod.cpp">
      <Filter>Source Files</Filter>
    </ClCompile>
    <ClCompile Include="sources\impl\LowLevelSoundOpenAL.cpp">
      <Filter>Source Files</Filter>
    </ClCompile>
    <ClCompile Include="sources\impl\LowLevelSystemSDL.cpp">
      <Filter>Source Files</Filter>
    </ClCompile>
    <ClCompile Include="sources\impl\MeshLoaderCollada.cpp">
      <Filter>Source Files</Filter>
    </ClCompile>
    <ClCompile Include="sources\impl\MeshLoaderColladaHelpers.cpp">
      <Filter>Source Files</Filter>
    </ClCompile>
    <ClCompile Include="sources\impl\MeshLoaderColladaLoader.cpp">
      <Filter>Source Files</Filter>
    </ClCompile>
    <ClCompile Include="sources\impl\MeshLoaderFBX.cpp">
      <Filter>Source Files</Filter>
    </ClCompile>
    <ClCompile Include="sources\impl\MeshLoaderMSH.cpp">
      <Filter>Source Files</Filter>
    </ClCompile>
    <ClCompile Include="sources\impl\MouseSDL.cpp">
      <Filter>Source Files</Filter>
    </ClCompile>
    <ClCompile Include="sources\impl\MutexSDL.cpp">
      <Filter>Source Files</Filter>
    </ClCompile>
    <ClCompile Include="sources\impl\MutexWin32.cpp">
      <Filter>Source Files</Filter>
    </ClCompile>
    <ClCompile Include="sources\impl\OcclusionQueryOGL.cpp">
      <Filter>Source Files</Filter>
    </ClCompile>
    <ClCompile Include="sources\impl\OpenALSoundChannel.cpp">
      <Filter>Source Files</Filter>
    </ClCompile>
    <ClCompile Include="sources\impl\OpenALSoundData.cpp">
      <Filter>Source Files</Filter>
    </ClCompile>
    <ClCompile Include="sources\impl\OpenALSoundEnvironment.cpp">
      <Filter>Source Files</Filter>
    </ClCompile>
    <ClCompile Include="sources\impl\PBuffer.cpp">
      <Filter>Source Files</Filter>
    </ClCompile>
    <ClCompile Include="sources\impl\PhysicsBodyNewton.cpp">
      <Filter>Source Files</Filter>
    </ClCompile>
    <ClCompile Include="sources\impl\PhysicsControllerNewton.cpp">
      <Filter>Source Files</Filter>
    </ClCompile>
    <ClCompile Include="sources\impl\PhysicsJointBallNewton.cpp">
      <Filter>Source Files</Filter>
    </ClCompile>
    <ClCompile Include="sources\impl\PhysicsJointHingeNewton.cpp">
      <Filter>Source Files</Filter>
    </ClCompile>
    <ClCompile Include="sources\impl\PhysicsJointScrewNewton.cpp">
      <Filter>Source Files</Filter>
    </ClCompile>
    <ClCompile Include="sources\impl\PhysicsJointSliderNewton.cpp">
      <Filter>Source Files</Filter>
    </ClCompile>
    <ClCompile Include="sources\impl\PhysicsMaterialNewton.cpp">
      <Filter>Source Files</Filter>
    </ClCompile>
    <ClCompile Include="sources\impl\PhysicsRopeNewton.cpp">
      <Filter>Source Files</Filter>
    </ClCompile>
    <ClCompile Include="sources\impl\PhysicsWorldNewton.cpp">
      <Filter>Source Files</Filter>
    </ClCompile>
    <ClCompile Include="sources\impl\PlatformSDL.cpp">
      <Filter>Source Files</Filter>
    </ClCompile>
    <ClCompile Include="sources\impl\PlatformUnix.cpp">
      <Filter>Source Files</Filter>
    </ClCompile>
    <ClCompile Include="sources\impl\PlatformWin32.cpp">
      <Filter>Source Files</Filter>
    </ClCompile>
    <ClCompile Include="sources\impl\scripthelper.cpp">
      <Filter>Source Files</Filter>
    </ClCompile>
    <ClCompile Include="sources\impl\scriptstring.cpp">
      <Filter>Source Files</Filter>
    </ClCompile>
    <ClCompile Include="sources\impl\scriptstring_utils.cpp">
      <Filter>Source Files</Filter>
    </ClCompile>
    <ClCompile Include="sources\impl\SDLEngineSetup.cpp">
      <Filter>Source Files</Filter>
    </ClCompile>
    <ClCompile Include="sources\impl\SDLFontData.cpp">
      <Filter>Source Files</Filter>
    </ClCompile>
    <ClCompile Include="sources\impl\SDLFragmentProgram.cpp">
      <Filter>Source Files</Filter>
    </ClCompile>
    <ClCompile Include="sources\impl\SDLTexture.cpp">
      <Filter>Source Files</Filter>
    </ClCompile>
    <ClCompile Include="sources\impl\SDLVertexProgram.cpp">
      <Filter>Source Files</Filter>
    </ClCompile>
    <ClCompile Include="sources\impl\SqScript.cpp">
      <Filter>Source Files</Filter>
    </ClCompile>
    <ClCompile Include="sources\impl\ThreadSDL.cpp">
      <Filter>Source Files</Filter>
    </ClCompile>
    <ClCompile Include="sources\impl\ThreadWin32.cpp">
      <Filter>Source Files</Filter>
    </ClCompile>
    <ClCompile Include="sources\impl\TimerSDL.cpp">
      <Filter>Source Files</Filter>
    </ClCompile>
    <ClCompile Include="sources\impl\VertexBufferOGL_Array.cpp">
      <Filter>Source Files</Filter>
    </ClCompile>
    <ClCompile Include="sources\impl\VertexBufferOGL_VBO.cpp">
      <Filter>Source Files</Filter>
    </ClCompile>
    <ClCompile Include="sources\impl\VertexBufferOpenGL.cpp">
      <Filter>Source Files</Filter>
    </ClCompile>
    <ClCompile Include="sources\impl\VideoStreamTheora.cpp">
      <Filter>Source Files</Filter>
    </ClCompile>
    <ClCompile Include="sources\impl\XmlDocumentTiny.cpp">
      <Filter>Source Files</Filter>
    </ClCompile>
    <ClCompile Include="sources\input\Action.cpp">
      <Filter>Source Files</Filter>
    </ClCompile>
    <ClCompile Include="sources\input\ActionGamepadAxis.cpp">
      <Filter>Source Files</Filter>
    </ClCompile>
    <ClCompile Include="sources\input\ActionGamepadButton.cpp">
      <Filter>Source Files</Filter>
    </ClCompile>
    <ClCompile Include="sources\input\ActionGamepadHat.cpp">
      <Filter>Source Files</Filter>
    </ClCompile>
    <ClCompile Include="sources\input\ActionHaptic.cpp">
      <Filter>Source Files</Filter>
    </ClCompile>
    <ClCompile Include="sources\input\ActionKeyboard.cpp">
      <Filter>Source Files</Filter>
    </ClCompile>
    <ClCompile Include="sources\input\ActionMouseButton.cpp">
      <Filter>Source Files</Filter>
    </ClCompile>
    <ClCompile Include="sources\input\Gamepad.cpp">
      <Filter>Source Files</Filter>
    </ClCompile>
    <ClCompile Include="sources\input\Input.cpp">
      <Filter>Source Files</Filter>
    </ClCompile>
    <ClCompile Include="sources\input\InputDevice.cpp">
      <Filter>Source Files</Filter>
    </ClCompile>
    <ClCompile Include="sources\input\Keyboard.cpp">
      <Filter>Source Files</Filter>
    </ClCompile>
    <ClCompile Include="sources\input\Mouse.cpp">
      <Filter>Source Files</Filter>
    </ClCompile>
    <ClCompile Include="sources\math\BoundingVolume.cpp">
      <Filter>Source Files</Filter>
    </ClCompile>
    <ClCompile Include="sources\math\CRC.cpp">
      <Filter>Source Files</Filter>
    </ClCompile>
    <ClCompile Include="sources\math\Frustum.cpp">
      <Filter>Source Files</Filter>
    </ClCompile>
    <ClCompile Include="sources\math\Math.cpp">
      <Filter>Source Files</Filter>
    </ClCompile>
    <ClCompile Include="sources\math\MathTypes.cpp">
      <Filter>Source Files</Filter>
    </ClCompile>
    <ClCompile Include="sources\math\MeshTypes.cpp">
      <Filter>Source Files</Filter>
    </ClCompile>
    <ClCompile Include="sources\math\Quaternion.cpp">
      <Filter>Source Files</Filter>
    </ClCompile>
    <ClCompile Include="sources\math\Spring.cpp">
      <Filter>Source Files</Filter>
    </ClCompile>
    <ClCompile Include="sources\physics\CharacterBody.cpp">
      <Filter>Source Files</Filter>
    </ClCompile>
    <ClCompile Include="sources\physics\Physics.cpp">
      <Filter>Source Files</Filter>
    </ClCompile>
    <ClCompile Include="sources\physics\PhysicsBody.cpp">
      <Filter>Source Files</Filter>
    </ClCompile>
    <ClCompile Include="sources\physics\PhysicsController.cpp">
      <Filter>Source Files</Filter>
    </ClCompile>
    <ClCompile Include="sources\physics\PhysicsJoint.cpp">
      <Filter>Source Files</Filter>
    </ClCompile>
    <ClCompile Include="sources\physics\PhysicsJointBall.cpp">
      <Filter>Source Files</Filter>
    </ClCompile>
    <ClCompile Include="sources\physics\PhysicsJointHinge.cpp">
      <Filter>Source Files</Filter>
    </ClCompile>
    <ClCompile Include="sources\physics\PhysicsJointScrew.cpp">
      <Filter>Source Files</Filter>
    </ClCompile>
    <ClCompile Include="sources\physics\PhysicsJointSlider.cpp">
      <Filter>Source Files</Filter>
    </ClCompile>
    <ClCompile Include="sources\physics\PhysicsRope.cpp">
      <Filter>Source Files</Filter>
    </ClCompile>
    <ClCompile Include="sources\physics\PhysicsWorld.cpp">
      <Filter>Source Files</Filter>
    </ClCompile>
    <ClCompile Include="sources\physics\SurfaceData.cpp">
      <Filter>Source Files</Filter>
    </ClCompile>
    <ClCompile Include="sources\physics\VerletParticle.cpp">
      <Filter>Source Files</Filter>
    </ClCompile>
    <ClCompile Include="sources\resources\AnimationManager.cpp">
      <Filter>Source Files</Filter>
    </ClCompile>
    <ClCompile Include="sources\resources\BinaryBuffer.cpp">
      <Filter>Source Files</Filter>
    </ClCompile>
    <ClCompile Include="sources\resources\BitmapLoaderHandler.cpp">
      <Filter>Source Files</Filter>
    </ClCompile>
    <ClCompile Include="sources\resources\ConfigFile.cpp">
      <Filter>Source Files</Filter>
    </ClCompile>
    <ClCompile Include="sources\resources\EngineFileLoading.cpp">
      <Filter>Source Files</Filter>
    </ClCompile>
    <ClCompile Include="sources\resources\EntFileManager.cpp">
      <Filter>Source Files</Filter>
    </ClCompile>
    <ClCompile Include="sources\resources\EntityLoader_Object.cpp">
      <Filter>Source Files</Filter>
    </ClCompile>
    <ClCompile Include="sources\resources\FileSearcher.cpp">
      <Filter>Source Files</Filter>
    </ClCompile>
    <ClCompile Include="sources\resources\FontManager.cpp">
      <Filter>Source Files</Filter>
    </ClCompile>
    <ClCompile Include="sources\resources\GpuShaderManager.cpp">
      <Filter>Source Files</Filter>
    </ClCompile>
    <ClCompile Include="sources\resources\ImageManager.cpp">
      <Filter>Source Files</Filter>
    </ClCompile>
    <ClCompile Include="sources\resources\LanguageFile.cpp">
      <Filter>Source Files</Filter>
    </ClCompile>
    <ClCompile Include="sources\resources\MaterialManager.cpp">
      <Filter>Source Files</Filter>
    </ClCompile>
    <ClCompile Include="sources\resources\MeshLoaderHandler.cpp">
      <Filter>Source Files</Filter>
    </ClCompile>
    <ClCompile Include="sources\resources\MeshManager.cpp">
      <Filter>Source Files</Filter>
    </ClCompile>
    <ClCompile Include="sources\resources\ParticleManager.cpp">
      <Filter>Source Files</Filter>
    </ClCompile>
    <ClCompile Include="sources\resources\ResourceBase.cpp">
      <Filter>Source Files</Filter>
    </ClCompile>
    <ClCompile Include="sources\resources\ResourceLoader.cpp">
      <Filter>Source Files</Filter>
    </ClCompile>
    <ClCompile Include="sources\resources\ResourceLoaderHandler.cpp">
      <Filter>Source Files</Filter>
    </ClCompile>
    <ClCompile Include="sources\resources\ResourceManager.cpp">
      <Filter>Source Files</Filter>
    </ClCompile>
    <ClCompile Include="sources\resources\Resources.cpp">
      <Filter>Source Files</Filter>
    </ClCompile>
    <ClCompile Include="sources\resources\ScriptManager.cpp">
      <Filter>Source Files</Filter>
    </ClCompile>
    <ClCompile Include="sources\resources\SoundEntityManager.cpp">
      <Filter>Source Files</Filter>
    </ClCompile>
    <ClCompile Include="sources\resources\SoundManager.cpp">
      <Filter>Source Files</Filter>
    </ClCompile>
    <ClCompile Include="sources\resources\TextureManager.cpp">
      <Filter>Source Files</Filter>
    </ClCompile>
    <ClCompile Include="sources\resources\VideoLoaderHandler.cpp">
      <Filter>Source Files</Filter>
    </ClCompile>
    <ClCompile Include="sources\resources\VideoManager.cpp">
      <Filter>Source Files</Filter>
    </ClCompile>
    <ClCompile Include="sources\resources\WorldLoaderHandler.cpp">
      <Filter>Source Files</Filter>
    </ClCompile>
    <ClCompile Include="sources\resources\WorldLoaderHplMap.cpp">
      <Filter>Source Files</Filter>
    </ClCompile>
    <ClCompile Include="sources\resources\XmlDocument.cpp">
      <Filter>Source Files</Filter>
    </ClCompile>
    <ClCompile Include="sources\scene\AnimationState.cpp">
      <Filter>Source Files</Filter>
    </ClCompile>
    <ClCompile Include="sources\scene\Beam.cpp">
      <Filter>Source Files</Filter>
    </ClCompile>
    <ClCompile Include="sources\scene\BillBoard.cpp">
      <Filter>Source Files</Filter>
    </ClCompile>
    <ClCompile Include="sources\scene\Camera.cpp">
      <Filter>Source Files</Filter>
    </ClCompile>
    <ClCompile Include="sources\scene\DummyRenderable.cpp">
      <Filter>Source Files</Filter>
    </ClCompile>
    <ClCompile Include="sources\scene\Entity3D.cpp">
      <Filter>Source Files</Filter>
    </ClCompile>
    <ClCompile Include="sources\scene\FogArea.cpp">
      <Filter>Source Files</Filter>
    </ClCompile>
    <ClCompile Include="sources\scene\GuiSetEntity.cpp">
      <Filter>Source Files</Filter>
    </ClCompile>
    <ClCompile Include="sources\scene\Light.cpp">
      <Filter>Source Files</Filter>
    </ClCompile>
    <ClCompile Include="sources\scene\LightBox.cpp">
      <Filter>Source Files</Filter>
    </ClCompile>
    <ClCompile Include="sources\scene\LightPoint.cpp">
      <Filter>Source Files</Filter>
    </ClCompile>
    <ClCompile Include="sources\scene\LightSpot.cpp">
      <Filter>Source Files</Filter>
    </ClCompile>
    <ClCompile Include="sources\scene\MeshEntity.cpp">
      <Filter>Source Files</Filter>
    </ClCompile>
    <ClCompile Include="sources\scene\Node3D.cpp">
      <Filter>Source Files</Filter>
    </ClCompile>
    <ClCompile Include="sources\scene\NodeState.cpp">
      <Filter>Source Files</Filter>
    </ClCompile>
    <ClCompile Include="sources\scene\ParticleEmitter.cpp">
      <Filter>Source Files</Filter>
    </ClCompile>
    <ClCompile Include="sources\scene\ParticleEmitter_UserData.cpp">
      <Filter>Source Files</Filter>
    </ClCompile>
    <ClCompile Include="sources\scene\ParticleSystem.cpp">
      <Filter>Source Files</Filter>
    </ClCompile>
    <ClCompile Include="sources\scene\RenderableContainer.cpp">
      <Filter>Source Files</Filter>
    </ClCompile>
    <ClCompile Include="sources\scene\RenderableContainer_BoxTree.cpp">
      <Filter>Source Files</Filter>
    </ClCompile>
    <ClCompile Include="sources\scene\RenderableContainer_DynBoxTree.cpp">
      <Filter>Source Files</Filter>
    </ClCompile>
    <ClCompile Include="sources\scene\RenderableContainer_List.cpp">
      <Filter>Source Files</Filter>
    </ClCompile>
    <ClCompile Include="sources\scene\RopeEntity.cpp">
      <Filter>Source Files</Filter>
    </ClCompile>
    <ClCompile Include="sources\scene\Scene.cpp">
      <Filter>Source Files</Filter>
    </ClCompile>
    <ClCompile Include="sources\scene\SoundEntity.cpp">
      <Filter>Source Files</Filter>
    </ClCompile>
    <ClCompile Include="sources\scene\SubMeshEntity.cpp">
      <Filter>Source Files</Filter>
    </ClCompile>
    <ClCompile Include="sources\scene\Viewport.cpp">
      <Filter>Source Files</Filter>
    </ClCompile>
    <ClCompile Include="sources\scene\World.cpp">
      <Filter>Source Files</Filter>
    </ClCompile>
    <ClCompile Include="sources\sound\LowLevelSound.cpp">
      <Filter>Source Files</Filter>
    </ClCompile>
    <ClCompile Include="sources\sound\MusicHandler.cpp">
      <Filter>Source Files</Filter>
    </ClCompile>
    <ClCompile Include="sources\sound\Sound.cpp">
      <Filter>Source Files</Filter>
    </ClCompile>
    <ClCompile Include="sources\sound\SoundChannel.cpp">
      <Filter>Source Files</Filter>
    </ClCompile>
    <ClCompile Include="sources\sound\SoundEntityData.cpp">
      <Filter>Source Files</Filter>
    </ClCompile>
    <ClCompile Include="sources\sound\SoundHandler.cpp">
      <Filter>Source Files</Filter>
    </ClCompile>
    <ClCompile Include="sources\system\Container.cpp">
      <Filter>Source Files</Filter>
    </ClCompile>
    <ClCompile Include="sources\system\LogicTimer.cpp">
      <Filter>Source Files</Filter>
    </ClCompile>
    <ClCompile Include="sources\system\MemoryManager.cpp">
      <Filter>Source Files</Filter>
    </ClCompile>
    <ClCompile Include="sources\system\Mutex.cpp">
      <Filter>Source Files</Filter>
    </ClCompile>
    <ClCompile Include="sources\system\Platform.cpp">
      <Filter>Source Files</Filter>
    </ClCompile>
    <ClCompile Include="sources\system\PreprocessParser.cpp">
      <Filter>Source Files</Filter>
    </ClCompile>
    <ClCompile Include="sources\system\SerializeClass.cpp">
      <Filter>Source Files</Filter>
    </ClCompile>
    <ClCompile Include="sources\system\SHA1.cpp">
      <Filter>Source Files</Filter>
    </ClCompile>
    <ClCompile Include="sources\system\String.cpp">
      <Filter>Source Files</Filter>
    </ClCompile>
    <ClCompile Include="sources\system\System.cpp">
      <Filter>Source Files</Filter>
    </ClCompile>
    <ClCompile Include="sources\system\Thread.cpp">
      <Filter>Source Files</Filter>
    </ClCompile>
    <ClCompile Include="sources\BuildID_HPL2_0_Win32.cpp">
      <Filter>Source Files</Filter>
    </ClCompile>
  </ItemGroup>
</Project>